
Microsoft Visual Studio Solution File, Format Version 12.00
# Visual Studio 2013
VisualStudioVersion = 12.0.40629.0
MinimumVisualStudioVersion = 10.0.40219.1
Project("{FAE04EC0-301F-11D3-BF4B-00C04F79EFBC}") = "internship-exercise2", "internship-exercise2\internship-exercise2.csproj", "{CEB0804A-1F2E-4AC0-B14A-02AF7D1CE84B}"
EndProject
Project("{FAE04EC0-301F-11D3-BF4B-00C04F79EFBC}") = "internship-exercise2.Tests", "internship-exercise2.Tests\internship-exercise2.Tests.csproj", "{06E2071D-DCBF-4D99-9404-ADC7CAAB653F}"
EndProject
Global
	GlobalSection(SolutionConfigurationPlatforms) = preSolution
		Debug|Any CPU = Debug|Any CPU
		Release|Any CPU = Release|Any CPU
	EndGlobalSection
	GlobalSection(ProjectConfigurationPlatforms) = postSolution
		{CEB0804A-1F2E-4AC0-B14A-02AF7D1CE84B}.Debug|Any CPU.ActiveCfg = Debug|Any CPU
		{CEB0804A-1F2E-4AC0-B14A-02AF7D1CE84B}.Debug|Any CPU.Build.0 = Debug|Any CPU
		{CEB0804A-1F2E-4AC0-B14A-02AF7D1CE84B}.Release|Any CPU.ActiveCfg = Release|Any CPU
		{CEB0804A-1F2E-4AC0-B14A-02AF7D1CE84B}.Release|Any CPU.Build.0 = Release|Any CPU
		{06E2071D-DCBF-4D99-9404-ADC7CAAB653F}.Debug|Any CPU.ActiveCfg = Debug|Any CPU
		{06E2071D-DCBF-4D99-9404-ADC7CAAB653F}.Debug|Any CPU.Build.0 = Debug|Any CPU
		{06E2071D-DCBF-4D99-9404-ADC7CAAB653F}.Release|Any CPU.ActiveCfg = Release|Any CPU
		{06E2071D-DCBF-4D99-9404-ADC7CAAB653F}.Release|Any CPU.Build.0 = Release|Any CPU
	EndGlobalSection
	GlobalSection(SolutionProperties) = preSolution
		HideSolutionNode = FALSE
	EndGlobalSection
EndGlobal
